
Microsoft Visual Studio Solution File, Format Version 12.00
# Visual Studio Version 17
VisualStudioVersion = 17.1.32328.378
MinimumVisualStudioVersion = 10.0.40219.1
Project("{FAE04EC0-301F-11D3-BF4B-00C04F79EFBC}") = "VehicleRouteProblem", "VehicleRouteProblem.csproj", "{B1F8110C-3C4C-4C32-86F9-BBE662268DD5}"
EndProject
Global
	GlobalSection(SolutionConfigurationPlatforms) = preSolution
		Debug|Any CPU = Debug|Any CPU
		Release|Any CPU = Release|Any CPU
	EndGlobalSection
	GlobalSection(ProjectConfigurationPlatforms) = postSolution
		{B1F8110C-3C4C-4C32-86F9-BBE662268DD5}.Debug|Any CPU.ActiveCfg = Debug|Any CPU
		{B1F8110C-3C4C-4C32-86F9-BBE662268DD5}.Debug|Any CPU.Build.0 = Debug|Any CPU
		{B1F8110C-3C4C-4C32-86F9-BBE662268DD5}.Release|Any CPU.ActiveCfg = Release|Any CPU
		{B1F8110C-3C4C-4C32-86F9-BBE662268DD5}.Release|Any CPU.Build.0 = Release|Any CPU
	EndGlobalSection
	GlobalSection(SolutionProperties) = preSolution
		HideSolutionNode = FALSE
	EndGlobalSection
	GlobalSection(ExtensibilityGlobals) = postSolution
		SolutionGuid = {A7501B5A-0E76-4814-B370-26AFB518A197}
	EndGlobalSection
EndGlobal
